
Microsoft Visual Studio Solution File, Format Version 12.00
# Visual Studio Version 16
VisualStudioVersion = 16.0.29230.47
MinimumVisualStudioVersion = 10.0.40219.1
Project("{2150E333-8FDC-42A3-9474-1A3956D46DE8}") = "src", "src", "{768A2A95-881A-4FC8-A247-207E90DA9AE4}"
EndProject
Project("{2150E333-8FDC-42A3-9474-1A3956D46DE8}") = "1 - Presentation", "1 - Presentation", "{829F0A36-7FC7-42E0-BF5E-8EE94A2BD2B0}"
EndProject
Project("{2150E333-8FDC-42A3-9474-1A3956D46DE8}") = "2 - Service", "2 - Service", "{EA41A0A9-93A9-43B5-B3EF-5D913A515282}"
EndProject
Project("{2150E333-8FDC-42A3-9474-1A3956D46DE8}") = "3 - Application", "3 - Application", "{E3256E92-4C22-4A66-BB31-5EC0669C237C}"
EndProject
Project("{2150E333-8FDC-42A3-9474-1A3956D46DE8}") = "4 - Domain", "4 - Domain", "{256CD135-156A-4A20-8CF7-D1019F5A4931}"
EndProject
Project("{2150E333-8FDC-42A3-9474-1A3956D46DE8}") = "5 - Infra", "5 - Infra", "{656227CA-1F07-4957-BFAD-2C97FC6D3F90}"
EndProject
Project("{2150E333-8FDC-42A3-9474-1A3956D46DE8}") = "5.1 - Data", "5.1 - Data", "{AD16285F-E58A-4F1F-B08C-46F3F2086A4E}"
EndProject
Project("{2150E333-8FDC-42A3-9474-1A3956D46DE8}") = "5.2 - CrossCutting", "5.2 - CrossCutting", "{6D9A0A51-8B58-4415-A9EB-B254044F8C40}"
EndProject
Project("{9A19103F-16F7-4668-BE54-9A1E7A4F7556}") = "Pizzaria_53.Domain", "src\Pizzaria_53.Domain\Pizzaria_53.Domain.csproj", "{EE452ABD-9FC1-4396-9B21-44A123DAF46D}"
EndProject
Project("{FAE04EC0-301F-11D3-BF4B-00C04F79EFBC}") = "Pizzaria_53.Infra.Data.Entity", "src\Pizzaria_53.Infra.Data.Entity\Pizzaria_53.Infra.Data.Entity.csproj", "{7E10D80C-502D-4784-A702-C1C7BB494072}"
EndProject
Global
	GlobalSection(SolutionConfigurationPlatforms) = preSolution
		Debug|Any CPU = Debug|Any CPU
		Release|Any CPU = Release|Any CPU
	EndGlobalSection
	GlobalSection(ProjectConfigurationPlatforms) = postSolution
		{EE452ABD-9FC1-4396-9B21-44A123DAF46D}.Debug|Any CPU.ActiveCfg = Debug|Any CPU
		{EE452ABD-9FC1-4396-9B21-44A123DAF46D}.Debug|Any CPU.Build.0 = Debug|Any CPU
		{EE452ABD-9FC1-4396-9B21-44A123DAF46D}.Release|Any CPU.ActiveCfg = Release|Any CPU
		{EE452ABD-9FC1-4396-9B21-44A123DAF46D}.Release|Any CPU.Build.0 = Release|Any CPU
		{7E10D80C-502D-4784-A702-C1C7BB494072}.Debug|Any CPU.ActiveCfg = Debug|Any CPU
		{7E10D80C-502D-4784-A702-C1C7BB494072}.Debug|Any CPU.Build.0 = Debug|Any CPU
		{7E10D80C-502D-4784-A702-C1C7BB494072}.Release|Any CPU.ActiveCfg = Release|Any CPU
		{7E10D80C-502D-4784-A702-C1C7BB494072}.Release|Any CPU.Build.0 = Release|Any CPU
	EndGlobalSection
	GlobalSection(SolutionProperties) = preSolution
		HideSolutionNode = FALSE
	EndGlobalSection
	GlobalSection(NestedProjects) = preSolution
		{829F0A36-7FC7-42E0-BF5E-8EE94A2BD2B0} = {768A2A95-881A-4FC8-A247-207E90DA9AE4}
		{EA41A0A9-93A9-43B5-B3EF-5D913A515282} = {768A2A95-881A-4FC8-A247-207E90DA9AE4}
		{E3256E92-4C22-4A66-BB31-5EC0669C237C} = {768A2A95-881A-4FC8-A247-207E90DA9AE4}
		{256CD135-156A-4A20-8CF7-D1019F5A4931} = {768A2A95-881A-4FC8-A247-207E90DA9AE4}
		{656227CA-1F07-4957-BFAD-2C97FC6D3F90} = {768A2A95-881A-4FC8-A247-207E90DA9AE4}
		{AD16285F-E58A-4F1F-B08C-46F3F2086A4E} = {656227CA-1F07-4957-BFAD-2C97FC6D3F90}
		{6D9A0A51-8B58-4415-A9EB-B254044F8C40} = {656227CA-1F07-4957-BFAD-2C97FC6D3F90}
		{EE452ABD-9FC1-4396-9B21-44A123DAF46D} = {256CD135-156A-4A20-8CF7-D1019F5A4931}
		{7E10D80C-502D-4784-A702-C1C7BB494072} = {AD16285F-E58A-4F1F-B08C-46F3F2086A4E}
	EndGlobalSection
	GlobalSection(ExtensibilityGlobals) = postSolution
		SolutionGuid = {10253ED3-92AD-4EDE-8A0E-42FF4EF6B658}
	EndGlobalSection
EndGlobal
